
Microsoft Visual Studio Solution File, Format Version 12.00
# Visual Studio Version 16
VisualStudioVersion = 16.0.31105.61
MinimumVisualStudioVersion = 10.0.40219.1
Project("{FAE04EC0-301F-11D3-BF4B-00C04F79EFBC}") = "Verity.Avaliacao.Api", "Verity.Avaliacao.Api.csproj", "{0BF3CF20-44CB-49F2-B1F1-936C9F2A2389}"
EndProject
Project("{FAE04EC0-301F-11D3-BF4B-00C04F79EFBC}") = "Verity.Avaliacao.Model", "..\Verity.Teste.Model\Verity.Avaliacao.Model.csproj", "{23A5A37D-CB64-481E-9927-8FC1714E3FA1}"
EndProject
Project("{FAE04EC0-301F-11D3-BF4B-00C04F79EFBC}") = "Verity.Avaliacao.Model.Test", "..\Verity.Teste\Verity.Avaliacao.Model.Test.csproj", "{32F1AA14-8CB1-4518-BC76-EBF099EEC01D}"
EndProject
Global
	GlobalSection(SolutionConfigurationPlatforms) = preSolution
		Debug|Any CPU = Debug|Any CPU
		Release|Any CPU = Release|Any CPU
	EndGlobalSection
	GlobalSection(ProjectConfigurationPlatforms) = postSolution
		{0BF3CF20-44CB-49F2-B1F1-936C9F2A2389}.Debug|Any CPU.ActiveCfg = Debug|Any CPU
		{0BF3CF20-44CB-49F2-B1F1-936C9F2A2389}.Debug|Any CPU.Build.0 = Debug|Any CPU
		{0BF3CF20-44CB-49F2-B1F1-936C9F2A2389}.Release|Any CPU.ActiveCfg = Release|Any CPU
		{0BF3CF20-44CB-49F2-B1F1-936C9F2A2389}.Release|Any CPU.Build.0 = Release|Any CPU
		{23A5A37D-CB64-481E-9927-8FC1714E3FA1}.Debug|Any CPU.ActiveCfg = Debug|Any CPU
		{23A5A37D-CB64-481E-9927-8FC1714E3FA1}.Debug|Any CPU.Build.0 = Debug|Any CPU
		{23A5A37D-CB64-481E-9927-8FC1714E3FA1}.Release|Any CPU.ActiveCfg = Release|Any CPU
		{23A5A37D-CB64-481E-9927-8FC1714E3FA1}.Release|Any CPU.Build.0 = Release|Any CPU
		{32F1AA14-8CB1-4518-BC76-EBF099EEC01D}.Debug|Any CPU.ActiveCfg = Debug|Any CPU
		{32F1AA14-8CB1-4518-BC76-EBF099EEC01D}.Debug|Any CPU.Build.0 = Debug|Any CPU
		{32F1AA14-8CB1-4518-BC76-EBF099EEC01D}.Release|Any CPU.ActiveCfg = Release|Any CPU
		{32F1AA14-8CB1-4518-BC76-EBF099EEC01D}.Release|Any CPU.Build.0 = Release|Any CPU
	EndGlobalSection
	GlobalSection(SolutionProperties) = preSolution
		HideSolutionNode = FALSE
	EndGlobalSection
	GlobalSection(ExtensibilityGlobals) = postSolution
		SolutionGuid = {204F05DF-32FF-4E9F-BECF-746AE867DE77}
	EndGlobalSection
EndGlobal
